// !$*UTF8*$!
{
	archiveVersion = 1;
	classes = {
	};
	objectVersion = 55;
	objects = {

/* Begin PBXBuildFile section */
		DE4DD2A42874D7E500C0C084 /* AppDelegate.swift in Sources */ = {isa = PBXBuildFile; fileRef = DE4DD2A32874D7E500C0C084 /* AppDelegate.swift */; };
		DE4DD2A62874D7E500C0C084 /* SceneDelegate.swift in Sources */ = {isa = PBXBuildFile; fileRef = DE4DD2A52874D7E500C0C084 /* SceneDelegate.swift */; };
		DE4DD2A82874D7E500C0C084 /* CountdownVC.swift in Sources */ = {isa = PBXBuildFile; fileRef = DE4DD2A72874D7E500C0C084 /* CountdownVC.swift */; };
		DE4DD2AB2874D7E500C0C084 /* Main.storyboard in Resources */ = {isa = PBXBuildFile; fileRef = DE4DD2A92874D7E500C0C084 /* Main.storyboard */; };
		DE4DD2AD2874D7E700C0C084 /* Assets.xcassets in Resources */ = {isa = PBXBuildFile; fileRef = DE4DD2AC2874D7E700C0C084 /* Assets.xcassets */; };
		DE4DD2B02874D7E700C0C084 /* LaunchScreen.storyboard in Resources */ = {isa = PBXBuildFile; fileRef = DE4DD2AE2874D7E700C0C084 /* LaunchScreen.storyboard */; };
		DE513C1928773DE9003B0243 /* FoodListVC.swift in Sources */ = {isa = PBXBuildFile; fileRef = DE513C1828773DE9003B0243 /* FoodListVC.swift */; };
		DE513C1D28773E2C003B0243 /* WorkoutListVC.swift in Sources */ = {isa = PBXBuildFile; fileRef = DE513C1C28773E2C003B0243 /* WorkoutListVC.swift */; };
		DE513C1F28773EAF003B0243 /* InfoVC.swift in Sources */ = {isa = PBXBuildFile; fileRef = DE513C1E28773EAF003B0243 /* InfoVC.swift */; };
		DE513C2128773F05003B0243 /* Workout.swift in Sources */ = {isa = PBXBuildFile; fileRef = DE513C2028773F05003B0243 /* Workout.swift */; };
		DE513C2528773F1D003B0243 /* Food.swift in Sources */ = {isa = PBXBuildFile; fileRef = DE513C2428773F1D003B0243 /* Food.swift */; };
		DE8DA96D2876F52D006FD2B9 /* HomeVC.swift in Sources */ = {isa = PBXBuildFile; fileRef = DE8DA96C2876F52D006FD2B9 /* HomeVC.swift */; };
		DED4E43D2877018A00590765 /* Extensions.swift in Sources */ = {isa = PBXBuildFile; fileRef = DED4E43C2877018A00590765 /* Extensions.swift */; };
		DED5E1F92879ABB10090D619 /* ToDoList.xcdatamodeld in Sources */ = {isa = PBXBuildFile; fileRef = DED5E1F72879ABB10090D619 /* ToDoList.xcdatamodeld */; };
		DED5E1FC2879AECC0090D619 /* List+CoreDataClass.swift in Sources */ = {isa = PBXBuildFile; fileRef = DED5E1FA2879AECC0090D619 /* List+CoreDataClass.swift */; };
		DED5E1FD2879AECC0090D619 /* List+CoreDataProperties.swift in Sources */ = {isa = PBXBuildFile; fileRef = DED5E1FB2879AECC0090D619 /* List+CoreDataProperties.swift */; };
		DED5E2002879AF550090D619 /* FoodViewModel.swift in Sources */ = {isa = PBXBuildFile; fileRef = DED5E1FF2879AF550090D619 /* FoodViewModel.swift */; };
		DED5E2022879AF8F0090D619 /* CoreDataHelper.swift in Sources */ = {isa = PBXBuildFile; fileRef = DED5E2012879AF8F0090D619 /* CoreDataHelper.swift */; };
/* End PBXBuildFile section */

/* Begin PBXFileReference section */
		DE4DD2A02874D7E500C0C084 /* Ring Animation.app */ = {isa = PBXFileReference; explicitFileType = wrapper.application; includeInIndex = 0; path = "Ring Animation.app"; sourceTree = BUILT_PRODUCTS_DIR; };
		DE4DD2A32874D7E500C0C084 /* AppDelegate.swift */ = {isa = PBXFileReference; lastKnownFileType = sourcecode.swift; path = AppDelegate.swift; sourceTree = "<group>"; };
		DE4DD2A52874D7E500C0C084 /* SceneDelegate.swift */ = {isa = PBXFileReference; lastKnownFileType = sourcecode.swift; path = SceneDelegate.swift; sourceTree = "<group>"; };
		DE4DD2A72874D7E500C0C084 /* CountdownVC.swift */ = {isa = PBXFileReference; lastKnownFileType = sourcecode.swift; path = CountdownVC.swift; sourceTree = "<group>"; };
		DE4DD2AA2874D7E500C0C084 /* Base */ = {isa = PBXFileReference; lastKnownFileType = file.storyboard; name = Base; path = Base.lproj/Main.storyboard; sourceTree = "<group>"; };
		DE4DD2AC2874D7E700C0C084 /* Assets.xcassets */ = {isa = PBXFileReference; lastKnownFileType = folder.assetcatalog; path = Assets.xcassets; sourceTree = "<group>"; };
		DE4DD2AF2874D7E700C0C084 /* Base */ = {isa = PBXFileReference; lastKnownFileType = file.storyboard; name = Base; path = Base.lproj/LaunchScreen.storyboard; sourceTree = "<group>"; };
		DE4DD2B12874D7E700C0C084 /* Info.plist */ = {isa = PBXFileReference; lastKnownFileType = text.plist.xml; path = Info.plist; sourceTree = "<group>"; };
		DE513C1828773DE9003B0243 /* FoodListVC.swift */ = {isa = PBXFileReference; lastKnownFileType = sourcecode.swift; path = FoodListVC.swift; sourceTree = "<group>"; };
		DE513C1C28773E2C003B0243 /* WorkoutListVC.swift */ = {isa = PBXFileReference; lastKnownFileType = sourcecode.swift; path = WorkoutListVC.swift; sourceTree = "<group>"; };
		DE513C1E28773EAF003B0243 /* InfoVC.swift */ = {isa = PBXFileReference; lastKnownFileType = sourcecode.swift; path = InfoVC.swift; sourceTree = "<group>"; };
		DE513C2028773F05003B0243 /* Workout.swift */ = {isa = PBXFileReference; lastKnownFileType = sourcecode.swift; path = Workout.swift; sourceTree = "<group>"; };
		DE513C2428773F1D003B0243 /* Food.swift */ = {isa = PBXFileReference; lastKnownFileType = sourcecode.swift; path = Food.swift; sourceTree = "<group>"; };
		DE8DA96C2876F52D006FD2B9 /* HomeVC.swift */ = {isa = PBXFileReference; lastKnownFileType = sourcecode.swift; path = HomeVC.swift; sourceTree = "<group>"; };
		DED4E43C2877018A00590765 /* Extensions.swift */ = {isa = PBXFileReference; lastKnownFileType = sourcecode.swift; path = Extensions.swift; sourceTree = "<group>"; };
		DED5E1F82879ABB10090D619 /* ToDoList.xcdatamodel */ = {isa = PBXFileReference; lastKnownFileType = wrapper.xcdatamodel; path = ToDoList.xcdatamodel; sourceTree = "<group>"; };
		DED5E1FA2879AECC0090D619 /* List+CoreDataClass.swift */ = {isa = PBXFileReference; lastKnownFileType = sourcecode.swift; path = "List+CoreDataClass.swift"; sourceTree = "<group>"; };
		DED5E1FB2879AECC0090D619 /* List+CoreDataProperties.swift */ = {isa = PBXFileReference; lastKnownFileType = sourcecode.swift; path = "List+CoreDataProperties.swift"; sourceTree = "<group>"; };
		DED5E1FF2879AF550090D619 /* FoodViewModel.swift */ = {isa = PBXFileReference; lastKnownFileType = sourcecode.swift; path = FoodViewModel.swift; sourceTree = "<group>"; };
		DED5E2012879AF8F0090D619 /* CoreDataHelper.swift */ = {isa = PBXFileReference; lastKnownFileType = sourcecode.swift; path = CoreDataHelper.swift; sourceTree = "<group>"; };
/* End PBXFileReference section */

/* Begin PBXFrameworksBuildPhase section */
		DE4DD29D2874D7E500C0C084 /* Frameworks */ = {
			isa = PBXFrameworksBuildPhase;
			buildActionMask = 2147483647;
			files = (
			);
			runOnlyForDeploymentPostprocessing = 0;
		};
/* End PBXFrameworksBuildPhase section */

/* Begin PBXGroup section */
		DE4DD2972874D7E400C0C084 = {
			isa = PBXGroup;
			children = (
				DE4DD2A22874D7E500C0C084 /* Ring Animation */,
				DE4DD2A12874D7E500C0C084 /* Products */,
			);
			sourceTree = "<group>";
		};
		DE4DD2A12874D7E500C0C084 /* Products */ = {
			isa = PBXGroup;
			children = (
				DE4DD2A02874D7E500C0C084 /* Ring Animation.app */,
			);
			name = Products;
			sourceTree = "<group>";
		};
		DE4DD2A22874D7E500C0C084 /* Ring Animation */ = {
			isa = PBXGroup;
			children = (
				DED5E1FE2879AF2B0090D619 /* ViewModels */,
				DE513C26287741DE003B0243 /* Cells */,
				DE513C2328773F12003B0243 /* Models */,
				DE513C1728773DA3003B0243 /* View */,
				DE513C1628773D9C003B0243 /* Extensions */,
				DE513C1528773D81003B0243 /* Resources */,
				DE4DD2A92874D7E500C0C084 /* Main.storyboard */,
				DE4DD2B12874D7E700C0C084 /* Info.plist */,
				DED5E1F72879ABB10090D619 /* ToDoList.xcdatamodeld */,
			);
			path = "Ring Animation";
			sourceTree = "<group>";
		};
		DE513C1528773D81003B0243 /* Resources */ = {
			isa = PBXGroup;
			children = (
				DED5E1FA2879AECC0090D619 /* List+CoreDataClass.swift */,
				DED5E1FB2879AECC0090D619 /* List+CoreDataProperties.swift */,
				DE4DD2A52874D7E500C0C084 /* SceneDelegate.swift */,
				DE4DD2AC2874D7E700C0C084 /* Assets.xcassets */,
				DE4DD2AE2874D7E700C0C084 /* LaunchScreen.storyboard */,
				DE4DD2A32874D7E500C0C084 /* AppDelegate.swift */,
				DED5E2012879AF8F0090D619 /* CoreDataHelper.swift */,
			);
			path = Resources;
			sourceTree = "<group>";
		};
		DE513C1628773D9C003B0243 /* Extensions */ = {
			isa = PBXGroup;
			children = (
				DED4E43C2877018A00590765 /* Extensions.swift */,
			);
			path = Extensions;
			sourceTree = "<group>";
		};
		DE513C1728773DA3003B0243 /* View */ = {
			isa = PBXGroup;
			children = (
				DE4DD2A72874D7E500C0C084 /* CountdownVC.swift */,
				DE8DA96C2876F52D006FD2B9 /* HomeVC.swift */,
				DE513C1828773DE9003B0243 /* FoodListVC.swift */,
				DE513C1C28773E2C003B0243 /* WorkoutListVC.swift */,
				DE513C1E28773EAF003B0243 /* InfoVC.swift */,
			);
			path = View;
			sourceTree = "<group>";
		};
		DE513C2328773F12003B0243 /* Models */ = {
			isa = PBXGroup;
			children = (
				DE513C2028773F05003B0243 /* Workout.swift */,
				DE513C2428773F1D003B0243 /* Food.swift */,
			);
			path = Models;
			sourceTree = "<group>";
		};
		DE513C26287741DE003B0243 /* Cells */ = {
			isa = PBXGroup;
			children = (
			);
			path = Cells;
			sourceTree = "<group>";
		};
		DED5E1FE2879AF2B0090D619 /* ViewModels */ = {
			isa = PBXGroup;
			children = (
				DED5E1FF2879AF550090D619 /* FoodViewModel.swift */,
			);
			path = ViewModels;
			sourceTree = "<group>";
		};
/* End PBXGroup section */

/* Begin PBXNativeTarget section */
		DE4DD29F2874D7E500C0C084 /* Ring Animation */ = {
			isa = PBXNativeTarget;
			buildConfigurationList = DE4DD2B42874D7E700C0C084 /* Build configuration list for PBXNativeTarget "Ring Animation" */;
			buildPhases = (
				DE4DD29C2874D7E500C0C084 /* Sources */,
				DE4DD29D2874D7E500C0C084 /* Frameworks */,
				DE4DD29E2874D7E500C0C084 /* Resources */,
			);
			buildRules = (
			);
			dependencies = (
			);
			name = "Ring Animation";
			productName = "Ring Animation";
			productReference = DE4DD2A02874D7E500C0C084 /* Ring Animation.app */;
			productType = "com.apple.product-type.application";
		};
/* End PBXNativeTarget section */

/* Begin PBXProject section */
		DE4DD2982874D7E400C0C084 /* Project object */ = {
			isa = PBXProject;
			attributes = {
				BuildIndependentTargetsInParallel = 1;
				LastSwiftUpdateCheck = 1340;
				LastUpgradeCheck = 1340;
				TargetAttributes = {
					DE4DD29F2874D7E500C0C084 = {
						CreatedOnToolsVersion = 13.4.1;
					};
				};
			};
			buildConfigurationList = DE4DD29B2874D7E400C0C084 /* Build configuration list for PBXProject "Ring Animation" */;
			compatibilityVersion = "Xcode 13.0";
			developmentRegion = en;
			hasScannedForEncodings = 0;
			knownRegions = (
				en,
				Base,
			);
			mainGroup = DE4DD2972874D7E400C0C084;
			productRefGroup = DE4DD2A12874D7E500C0C084 /* Products */;
			projectDirPath = "";
			projectRoot = "";
			targets = (
				DE4DD29F2874D7E500C0C084 /* Ring Animation */,
			);
		};
/* End PBXProject section */

/* Begin PBXResourcesBuildPhase section */
		DE4DD29E2874D7E500C0C084 /* Resources */ = {
			isa = PBXResourcesBuildPhase;
			buildActionMask = 2147483647;
			files = (
				DE4DD2B02874D7E700C0C084 /* LaunchScreen.storyboard in Resources */,
				DE4DD2AD2874D7E700C0C084 /* Assets.xcassets in Resources */,
				DE4DD2AB2874D7E500C0C084 /* Main.storyboard in Resources */,
			);
			runOnlyForDeploymentPostprocessing = 0;
		};
/* End PBXResourcesBuildPhase section */

/* Begin PBXSourcesBuildPhase section */
		DE4DD29C2874D7E500C0C084 /* Sources */ = {
			isa = PBXSourcesBuildPhase;
			buildActionMask = 2147483647;
			files = (
				DED5E2022879AF8F0090D619 /* CoreDataHelper.swift in Sources */,
				DED5E1FD2879AECC0090D619 /* List+CoreDataProperties.swift in Sources */,
				DE513C1928773DE9003B0243 /* FoodListVC.swift in Sources */,
				DE513C1D28773E2C003B0243 /* WorkoutListVC.swift in Sources */,
				DED4E43D2877018A00590765 /* Extensions.swift in Sources */,
				DE4DD2A82874D7E500C0C084 /* CountdownVC.swift in Sources */,
				DE513C1F28773EAF003B0243 /* InfoVC.swift in Sources */,
				DED5E2002879AF550090D619 /* FoodViewModel.swift in Sources */,
				DED5E1F92879ABB10090D619 /* ToDoList.xcdatamodeld in Sources */,
				DE513C2528773F1D003B0243 /* Food.swift in Sources */,
				DED5E1FC2879AECC0090D619 /* List+CoreDataClass.swift in Sources */,
				DE513C2128773F05003B0243 /* Workout.swift in Sources */,
				DE8DA96D2876F52D006FD2B9 /* HomeVC.swift in Sources */,
				DE4DD2A42874D7E500C0C084 /* AppDelegate.swift in Sources */,
				DE4DD2A62874D7E500C0C084 /* SceneDelegate.swift in Sources */,
			);
			runOnlyForDeploymentPostprocessing = 0;
		};
/* End PBXSourcesBuildPhase section */

/* Begin PBXVariantGroup section */
		DE4DD2A92874D7E500C0C084 /* Main.storyboard */ = {
			isa = PBXVariantGroup;
			children = (
				DE4DD2AA2874D7E500C0C084 /* Base */,
			);
			name = Main.storyboard;
			sourceTree = "<group>";
		};
		DE4DD2AE2874D7E700C0C084 /* LaunchScreen.storyboard */ = {
			isa = PBXVariantGroup;
			children = (
				DE4DD2AF2874D7E700C0C084 /* Base */,
			);
			name = LaunchScreen.storyboard;
			sourceTree = "<group>";
		};
/* End PBXVariantGroup section */

/* Begin XCBuildConfiguration section */
		DE4DD2B22874D7E700C0C084 /* Debug */ = {
			isa = XCBuildConfiguration;
			buildSettings = {
				ALWAYS_SEARCH_USER_PATHS = NO;
				CLANG_ANALYZER_NONNULL = YES;
				CLANG_ANALYZER_NUMBER_OBJECT_CONVERSION = YES_AGGRESSIVE;
				CLANG_CXX_LANGUAGE_STANDARD = "gnu++17";
				CLANG_ENABLE_MODULES = YES;
				CLANG_ENABLE_OBJC_ARC = YES;
				CLANG_ENABLE_OBJC_WEAK = YES;
				CLANG_WARN_BLOCK_CAPTURE_AUTORELEASING = YES;
				CLANG_WARN_BOOL_CONVERSION = YES;
				CLANG_WARN_COMMA = YES;
				CLANG_WARN_CONSTANT_CONVERSION = YES;
				CLANG_WARN_DEPRECATED_OBJC_IMPLEMENTATIONS = YES;
				CLANG_WARN_DIRECT_OBJC_ISA_USAGE = YES_ERROR;
				CLANG_WARN_DOCUMENTATION_COMMENTS = YES;
				CLANG_WARN_EMPTY_BODY = YES;
				CLANG_WARN_ENUM_CONVERSION = YES;
				CLANG_WARN_INFINITE_RECURSION = YES;
				CLANG_WARN_INT_CONVERSION = YES;
				CLANG_WARN_NON_LITERAL_NULL_CONVERSION = YES;
				CLANG_WARN_OBJC_IMPLICIT_RETAIN_SELF = YES;
				CLANG_WARN_OBJC_LITERAL_CONVERSION = YES;
				CLANG_WARN_OBJC_ROOT_CLASS = YES_ERROR;
				CLANG_WARN_QUOTED_INCLUDE_IN_FRAMEWORK_HEADER = YES;
				CLANG_WARN_RANGE_LOOP_ANALYSIS = YES;
				CLANG_WARN_STRICT_PROTOTYPES = YES;
				CLANG_WARN_SUSPICIOUS_MOVE = YES;
				CLANG_WARN_UNGUARDED_AVAILABILITY = YES_AGGRESSIVE;
				CLANG_WARN_UNREACHABLE_CODE = YES;
				CLANG_WARN__DUPLICATE_METHOD_MATCH = YES;
				COPY_PHASE_STRIP = NO;
				DEBUG_INFORMATION_FORMAT = dwarf;
				ENABLE_STRICT_OBJC_MSGSEND = YES;
				ENABLE_TESTABILITY = YES;
				GCC_C_LANGUAGE_STANDARD = gnu11;
				GCC_DYNAMIC_NO_PIC = NO;
				GCC_NO_COMMON_BLOCKS = YES;
				GCC_OPTIMIZATION_LEVEL = 0;
				GCC_PREPROCESSOR_DEFINITIONS = (
					"DEBUG=1",
					"$(inherited)",
				);
				GCC_WARN_64_TO_32_BIT_CONVERSION = YES;
				GCC_WARN_ABOUT_RETURN_TYPE = YES_ERROR;
				GCC_WARN_UNDECLARED_SELECTOR = YES;
				GCC_WARN_UNINITIALIZED_AUTOS = YES_AGGRESSIVE;
				GCC_WARN_UNUSED_FUNCTION = YES;
				GCC_WARN_UNUSED_VARIABLE = YES;
				IPHONEOS_DEPLOYMENT_TARGET = 15.5;
				MTL_ENABLE_DEBUG_INFO = INCLUDE_SOURCE;
				MTL_FAST_MATH = YES;
				ONLY_ACTIVE_ARCH = YES;
				SDKROOT = iphoneos;
				SWIFT_ACTIVE_COMPILATION_CONDITIONS = DEBUG;
				SWIFT_OPTIMIZATION_LEVEL = "-Onone";
			};
			name = Debug;
		};
		DE4DD2B32874D7E700C0C084 /* Release */ = {
			isa = XCBuildConfiguration;
			buildSettings = {
				ALWAYS_SEARCH_USER_PATHS = NO;
				CLANG_ANALYZER_NONNULL = YES;
				CLANG_ANALYZER_NUMBER_OBJECT_CONVERSION = YES_AGGRESSIVE;
				CLANG_CXX_LANGUAGE_STANDARD = "gnu++17";
				CLANG_ENABLE_MODULES = YES;
				CLANG_ENABLE_OBJC_ARC = YES;
				CLANG_ENABLE_OBJC_WEAK = YES;
				CLANG_WARN_BLOCK_CAPTURE_AUTORELEASING = YES;
				CLANG_WARN_BOOL_CONVERSION = YES;
				CLANG_WARN_COMMA = YES;
				CLANG_WARN_CONSTANT_CONVERSION = YES;
				CLANG_WARN_DEPRECATED_OBJC_IMPLEMENTATIONS = YES;
				CLANG_WARN_DIRECT_OBJC_ISA_USAGE = YES_ERROR;
				CLANG_WARN_DOCUMENTATION_COMMENTS = YES;
				CLANG_WARN_EMPTY_BODY = YES;
				CLANG_WARN_ENUM_CONVERSION = YES;
				CLANG_WARN_INFINITE_RECURSION = YES;
				CLANG_WARN_INT_CONVERSION = YES;
				CLANG_WARN_NON_LITERAL_NULL_CONVERSION = YES;
				CLANG_WARN_OBJC_IMPLICIT_RETAIN_SELF = YES;
				CLANG_WARN_OBJC_LITERAL_CONVERSION = YES;
				CLANG_WARN_OBJC_ROOT_CLASS = YES_ERROR;
				CLANG_WARN_QUOTED_INCLUDE_IN_FRAMEWORK_HEADER = YES;
				CLANG_WARN_RANGE_LOOP_ANALYSIS = YES;
				CLANG_WARN_STRICT_PROTOTYPES = YES;
				CLANG_WARN_SUSPICIOUS_MOVE = YES;
				CLANG_WARN_UNGUARDED_AVAILABILITY = YES_AGGRESSIVE;
				CLANG_WARN_UNREACHABLE_CODE = YES;
				CLANG_WARN__DUPLICATE_METHOD_MATCH = YES;
				COPY_PHASE_STRIP = NO;
				DEBUG_INFORMATION_FORMAT = "dwarf-with-dsym";
				ENABLE_NS_ASSERTIONS = NO;
				ENABLE_STRICT_OBJC_MSGSEND = YES;
				GCC_C_LANGUAGE_STANDARD = gnu11;
				GCC_NO_COMMON_BLOCKS = YES;
				GCC_WARN_64_TO_32_BIT_CONVERSION = YES;
				GCC_WARN_ABOUT_RETURN_TYPE = YES_ERROR;
				GCC_WARN_UNDECLARED_SELECTOR = YES;
				GCC_WARN_UNINITIALIZED_AUTOS = YES_AGGRESSIVE;
				GCC_WARN_UNUSED_FUNCTION = YES;
				GCC_WARN_UNUSED_VARIABLE = YES;
				IPHONEOS_DEPLOYMENT_TARGET = 15.5;
				MTL_ENABLE_DEBUG_INFO = NO;
				MTL_FAST_MATH = YES;
				SDKROOT = iphoneos;
				SWIFT_COMPILATION_MODE = wholemodule;
				SWIFT_OPTIMIZATION_LEVEL = "-O";
				VALIDATE_PRODUCT = YES;
			};
			name = Release;
		};
		DE4DD2B52874D7E700C0C084 /* Debug */ = {
			isa = XCBuildConfiguration;
			buildSettings = {
				ASSETCATALOG_COMPILER_APPICON_NAME = AppIcon;
				ASSETCATALOG_COMPILER_GLOBAL_ACCENT_COLOR_NAME = AccentColor;
				CODE_SIGN_STYLE = Automatic;
				CURRENT_PROJECT_VERSION = 1;
				DEVELOPMENT_TEAM = 7CRNJ953YN;
				GENERATE_INFOPLIST_FILE = YES;
				INFOPLIST_FILE = "Ring Animation/Info.plist";
				INFOPLIST_KEY_UIApplicationSupportsIndirectInputEvents = YES;
				INFOPLIST_KEY_UILaunchStoryboardName = LaunchScreen;
				INFOPLIST_KEY_UIMainStoryboardFile = Main;
				INFOPLIST_KEY_UISupportedInterfaceOrientations_iPad = "UIInterfaceOrientationPortrait UIInterfaceOrientationPortraitUpsideDown UIInterfaceOrientationLandscapeLeft UIInterfaceOrientationLandscapeRight";
				INFOPLIST_KEY_UISupportedInterfaceOrientations_iPhone = "UIInterfaceOrientationPortrait UIInterfaceOrientationLandscapeLeft UIInterfaceOrientationLandscapeRight";
				LD_RUNPATH_SEARCH_PATHS = (
					"$(inherited)",
					"@executable_path/Frameworks",
				);
				MARKETING_VERSION = 1.0;
				PRODUCT_BUNDLE_IDENTIFIER = "com.omerKilicaslan.Ring-Animation";
				PRODUCT_NAME = "$(TARGET_NAME)";
				SWIFT_EMIT_LOC_STRINGS = YES;
				SWIFT_VERSION = 5.0;
				TARGETED_DEVICE_FAMILY = "1,2";
			};
			name = Debug;
		};
		DE4DD2B62874D7E700C0C084 /* Release */ = {
			isa = XCBuildConfiguration;
			buildSettings = {
				ASSETCATALOG_COMPILER_APPICON_NAME = AppIcon;
				ASSETCATALOG_COMPILER_GLOBAL_ACCENT_COLOR_NAME = AccentColor;
				CODE_SIGN_STYLE = Automatic;
				CURRENT_PROJECT_VERSION = 1;
				DEVELOPMENT_TEAM = 7CRNJ953YN;
				GENERATE_INFOPLIST_FILE = YES;
				INFOPLIST_FILE = "Ring Animation/Info.plist";
				INFOPLIST_KEY_UIApplicationSupportsIndirectInputEvents = YES;
				INFOPLIST_KEY_UILaunchStoryboardName = LaunchScreen;
				INFOPLIST_KEY_UIMainStoryboardFile = Main;
				INFOPLIST_KEY_UISupportedInterfaceOrientations_iPad = "UIInterfaceOrientationPortrait UIInterfaceOrientationPortraitUpsideDown UIInterfaceOrientationLandscapeLeft UIInterfaceOrientationLandscapeRight";
				INFOPLIST_KEY_UISupportedInterfaceOrientations_iPhone = "UIInterfaceOrientationPortrait UIInterfaceOrientationLandscapeLeft UIInterfaceOrientationLandscapeRight";
				LD_RUNPATH_SEARCH_PATHS = (
					"$(inherited)",
					"@executable_path/Frameworks",
				);
				MARKETING_VERSION = 1.0;
				PRODUCT_BUNDLE_IDENTIFIER = "com.omerKilicaslan.Ring-Animation";
				PRODUCT_NAME = "$(TARGET_NAME)";
				SWIFT_EMIT_LOC_STRINGS = YES;
				SWIFT_VERSION = 5.0;
				TARGETED_DEVICE_FAMILY = "1,2";
			};
			name = Release;
		};
/* End XCBuildConfiguration section */

/* Begin XCConfigurationList section */
		DE4DD29B2874D7E400C0C084 /* Build configuration list for PBXProject "Ring Animation" */ = {
			isa = XCConfigurationList;
			buildConfigurations = (
				DE4DD2B22874D7E700C0C084 /* Debug */,
				DE4DD2B32874D7E700C0C084 /* Release */,
			);
			defaultConfigurationIsVisible = 0;
			defaultConfigurationName = Release;
		};
		DE4DD2B42874D7E700C0C084 /* Build configuration list for PBXNativeTarget "Ring Animation" */ = {
			isa = XCConfigurationList;
			buildConfigurations = (
				DE4DD2B52874D7E700C0C084 /* Debug */,
				DE4DD2B62874D7E700C0C084 /* Release */,
			);
			defaultConfigurationIsVisible = 0;
			defaultConfigurationName = Release;
		};
/* End XCConfigurationList section */

/* Begin XCVersionGroup section */
		DED5E1F72879ABB10090D619 /* ToDoList.xcdatamodeld */ = {
			isa = XCVersionGroup;
			children = (
				DED5E1F82879ABB10090D619 /* ToDoList.xcdatamodel */,
			);
			currentVersion = DED5E1F82879ABB10090D619 /* ToDoList.xcdatamodel */;
			path = ToDoList.xcdatamodeld;
			sourceTree = "<group>";
			versionGroupType = wrapper.xcdatamodel;
		};
/* End XCVersionGroup section */
	};
	rootObject = DE4DD2982874D7E400C0C084 /* Project object */;
}
